
Microsoft Visual Studio Solution File, Format Version 12.00
# Visual Studio Version 17
VisualStudioVersion = 17.0.31903.59
MinimumVisualStudioVersion = 10.0.40219.1
Project("{FAE04EC0-301F-11D3-BF4B-00C04F79EFBC}") = "BIMFace.SDK.CSharp", "BIMFace.SDK.CSharp\BIMFace.SDK.CSharp.csproj", "{466035A8-8DDA-4848-8BB0-062D0E2D9614}"
EndProject
Project("{FAE04EC0-301F-11D3-BF4B-00C04F79EFBC}") = "BIMFace.SDK.CSharp.Sample.Web", "BIMFace.SDK.CSharp.Sample\BIMFace.SDK.CSharp.Sample.Web.csproj", "{89D11F7C-5D12-456F-A0A5-B9A374DB4CBE}"
EndProject
Project("{FAE04EC0-301F-11D3-BF4B-00C04F79EFBC}") = "BIMFace.SDK.CSharp.Common", "BIMFace.SDK.CSharp.Common\BIMFace.SDK.CSharp.Common.csproj", "{28B58E8F-6039-4F05-A26F-32D73088075C}"
EndProject
Project("{FAE04EC0-301F-11D3-BF4B-00C04F79EFBC}") = "Gloden.Review.AI.BIM.SDK.CSharp", "Gloden.Review.AI.HY.SDK.CSharp\Gloden.Review.AI.BIM.SDK.CSharp.csproj", "{A7C9C4DA-F1AC-41CB-B93F-697180488052}"
EndProject
Project("{FAE04EC0-301F-11D3-BF4B-00C04F79EFBC}") = "Gloden.Review.AI.BIM.SDK.CSharp.Sample", "Gloden.Review.AI.HY.SDK.CSharp.Sample\Gloden.Review.AI.BIM.SDK.CSharp.Sample.csproj", "{DE2DA8C5-4829-43A8-B7FA-749F2420DD5D}"
EndProject
Project("{9A19103F-16F7-4668-BE54-9A1E7A4F7556}") = "BIMFace.SDK.CSharp.Sample.Web.Core", "BIMFace.SDK.CSharp.Sample.Web.Core\BIMFace.SDK.CSharp.Sample.Web.Core.csproj", "{B1E9C59A-3CCC-41BC-957F-68DC4F892853}"
EndProject
Project("{2150E333-8FDC-42A3-9474-1A3956D46DE8}") = "Sample", "Sample", "{6158F176-B353-4495-9D45-983A40B497CA}"
EndProject
Project("{FAE04EC0-301F-11D3-BF4B-00C04F79EFBC}") = "BIMFace.SDK.CSharp.Sample.WinForm", "BIMFace.SDK.CSharp.Sample.WinForm\BIMFace.SDK.CSharp.Sample.WinForm.csproj", "{44D9ACF5-6B84-45E6-A54A-2BF0FA9AEDEF}"
EndProject
Project("{2150E333-8FDC-42A3-9474-1A3956D46DE8}") = "Src", "Src", "{792E582C-B291-4C5D-96E9-F9F020A10918}"
EndProject
Project("{FAE04EC0-301F-11D3-BF4B-00C04F79EFBC}") = "BIMFace.SDK.CSharp.Sample.WPF", "BIMFace.SDK.CSharp.Sample.WPF\BIMFace.SDK.CSharp.Sample.WPF.csproj", "{12010A37-3E65-4AC2-A356-B784F0249294}"
EndProject
Project("{2150E333-8FDC-42A3-9474-1A3956D46DE8}") = "Doc", "Doc", "{429015D7-33EB-4515-8130-36D61CA01A11}"
	ProjectSection(SolutionItems) = preProject
		Doc\1 BIMFACE SDK 之歌.md = Doc\1 BIMFACE SDK 之歌.md
		Doc\2 开源SDK.md = Doc\2 开源SDK.md
		Doc\3 视频教程.md = Doc\3 视频教程.md
		Doc\4 博客教程.md = Doc\4 博客教程.md
		Doc\5 技术支持.md = Doc\5 技术支持.md
	EndProjectSection
EndProject
Global
	GlobalSection(SolutionConfigurationPlatforms) = preSolution
		Debug|Any CPU = Debug|Any CPU
		Release|Any CPU = Release|Any CPU
	EndGlobalSection
	GlobalSection(ProjectConfigurationPlatforms) = postSolution
		{466035A8-8DDA-4848-8BB0-062D0E2D9614}.Debug|Any CPU.ActiveCfg = Debug|Any CPU
		{466035A8-8DDA-4848-8BB0-062D0E2D9614}.Debug|Any CPU.Build.0 = Debug|Any CPU
		{466035A8-8DDA-4848-8BB0-062D0E2D9614}.Release|Any CPU.ActiveCfg = Release|Any CPU
		{466035A8-8DDA-4848-8BB0-062D0E2D9614}.Release|Any CPU.Build.0 = Release|Any CPU
		{89D11F7C-5D12-456F-A0A5-B9A374DB4CBE}.Debug|Any CPU.ActiveCfg = Debug|Any CPU
		{89D11F7C-5D12-456F-A0A5-B9A374DB4CBE}.Debug|Any CPU.Build.0 = Debug|Any CPU
		{89D11F7C-5D12-456F-A0A5-B9A374DB4CBE}.Release|Any CPU.ActiveCfg = Release|Any CPU
		{89D11F7C-5D12-456F-A0A5-B9A374DB4CBE}.Release|Any CPU.Build.0 = Release|Any CPU
		{28B58E8F-6039-4F05-A26F-32D73088075C}.Debug|Any CPU.ActiveCfg = Debug|Any CPU
		{28B58E8F-6039-4F05-A26F-32D73088075C}.Debug|Any CPU.Build.0 = Debug|Any CPU
		{28B58E8F-6039-4F05-A26F-32D73088075C}.Release|Any CPU.ActiveCfg = Release|Any CPU
		{28B58E8F-6039-4F05-A26F-32D73088075C}.Release|Any CPU.Build.0 = Release|Any CPU
		{A7C9C4DA-F1AC-41CB-B93F-697180488052}.Debug|Any CPU.ActiveCfg = Debug|Any CPU
		{A7C9C4DA-F1AC-41CB-B93F-697180488052}.Debug|Any CPU.Build.0 = Debug|Any CPU
		{A7C9C4DA-F1AC-41CB-B93F-697180488052}.Release|Any CPU.ActiveCfg = Release|Any CPU
		{A7C9C4DA-F1AC-41CB-B93F-697180488052}.Release|Any CPU.Build.0 = Release|Any CPU
		{DE2DA8C5-4829-43A8-B7FA-749F2420DD5D}.Debug|Any CPU.ActiveCfg = Debug|Any CPU
		{DE2DA8C5-4829-43A8-B7FA-749F2420DD5D}.Debug|Any CPU.Build.0 = Debug|Any CPU
		{DE2DA8C5-4829-43A8-B7FA-749F2420DD5D}.Release|Any CPU.ActiveCfg = Release|Any CPU
		{DE2DA8C5-4829-43A8-B7FA-749F2420DD5D}.Release|Any CPU.Build.0 = Release|Any CPU
		{B1E9C59A-3CCC-41BC-957F-68DC4F892853}.Debug|Any CPU.ActiveCfg = Debug|Any CPU
		{B1E9C59A-3CCC-41BC-957F-68DC4F892853}.Debug|Any CPU.Build.0 = Debug|Any CPU
		{B1E9C59A-3CCC-41BC-957F-68DC4F892853}.Release|Any CPU.ActiveCfg = Release|Any CPU
		{B1E9C59A-3CCC-41BC-957F-68DC4F892853}.Release|Any CPU.Build.0 = Release|Any CPU
		{44D9ACF5-6B84-45E6-A54A-2BF0FA9AEDEF}.Debug|Any CPU.ActiveCfg = Debug|Any CPU
		{44D9ACF5-6B84-45E6-A54A-2BF0FA9AEDEF}.Debug|Any CPU.Build.0 = Debug|Any CPU
		{44D9ACF5-6B84-45E6-A54A-2BF0FA9AEDEF}.Release|Any CPU.ActiveCfg = Release|Any CPU
		{44D9ACF5-6B84-45E6-A54A-2BF0FA9AEDEF}.Release|Any CPU.Build.0 = Release|Any CPU
		{12010A37-3E65-4AC2-A356-B784F0249294}.Debug|Any CPU.ActiveCfg = Debug|Any CPU
		{12010A37-3E65-4AC2-A356-B784F0249294}.Debug|Any CPU.Build.0 = Debug|Any CPU
		{12010A37-3E65-4AC2-A356-B784F0249294}.Release|Any CPU.ActiveCfg = Release|Any CPU
		{12010A37-3E65-4AC2-A356-B784F0249294}.Release|Any CPU.Build.0 = Release|Any CPU
	EndGlobalSection
	GlobalSection(SolutionProperties) = preSolution
		HideSolutionNode = FALSE
	EndGlobalSection
	GlobalSection(NestedProjects) = preSolution
		{466035A8-8DDA-4848-8BB0-062D0E2D9614} = {792E582C-B291-4C5D-96E9-F9F020A10918}
		{89D11F7C-5D12-456F-A0A5-B9A374DB4CBE} = {6158F176-B353-4495-9D45-983A40B497CA}
		{28B58E8F-6039-4F05-A26F-32D73088075C} = {792E582C-B291-4C5D-96E9-F9F020A10918}
		{A7C9C4DA-F1AC-41CB-B93F-697180488052} = {792E582C-B291-4C5D-96E9-F9F020A10918}
		{DE2DA8C5-4829-43A8-B7FA-749F2420DD5D} = {6158F176-B353-4495-9D45-983A40B497CA}
		{B1E9C59A-3CCC-41BC-957F-68DC4F892853} = {6158F176-B353-4495-9D45-983A40B497CA}
		{44D9ACF5-6B84-45E6-A54A-2BF0FA9AEDEF} = {6158F176-B353-4495-9D45-983A40B497CA}
		{12010A37-3E65-4AC2-A356-B784F0249294} = {6158F176-B353-4495-9D45-983A40B497CA}
	EndGlobalSection
	GlobalSection(ExtensibilityGlobals) = postSolution
		SolutionGuid = {52B00B0A-2BDD-495C-91E2-6EF1A7D27C2B}
	EndGlobalSection
EndGlobal
